
Microsoft Visual Studio Solution File, Format Version 12.00
# Visual Studio Version 16
VisualStudioVersion = 16.0.31729.503
MinimumVisualStudioVersion = 10.0.40219.1
Project("{FAE04EC0-301F-11D3-BF4B-00C04F79EFBC}") = "Lab9", "Lab9\Lab9.csproj", "{B736E4FB-AC1D-4AE5-BB1D-0353798BA4F0}"
EndProject
Global
	GlobalSection(SolutionConfigurationPlatforms) = preSolution
		Debug|Any CPU = Debug|Any CPU
		Release|Any CPU = Release|Any CPU
	EndGlobalSection
	GlobalSection(ProjectConfigurationPlatforms) = postSolution
		{B736E4FB-AC1D-4AE5-BB1D-0353798BA4F0}.Debug|Any CPU.ActiveCfg = Debug|Any CPU
		{B736E4FB-AC1D-4AE5-BB1D-0353798BA4F0}.Debug|Any CPU.Build.0 = Debug|Any CPU
		{B736E4FB-AC1D-4AE5-BB1D-0353798BA4F0}.Release|Any CPU.ActiveCfg = Release|Any CPU
		{B736E4FB-AC1D-4AE5-BB1D-0353798BA4F0}.Release|Any CPU.Build.0 = Release|Any CPU
	EndGlobalSection
	GlobalSection(SolutionProperties) = preSolution
		HideSolutionNode = FALSE
	EndGlobalSection
	GlobalSection(ExtensibilityGlobals) = postSolution
		SolutionGuid = {2005EE53-CF54-44D0-8179-2B0944B352F6}
	EndGlobalSection
EndGlobal
